
Microsoft Visual Studio Solution File, Format Version 12.00
# Visual Studio Version 17
VisualStudioVersion = 17.11.35327.3
MinimumVisualStudioVersion = 10.0.40219.1
Project("{9A19103F-16F7-4668-BE54-9A1E7A4F7556}") = "FurryFriendsHub-BlazorAssembly", "FurryFriendsHub-BlazorAssembly.csproj", "{3A8F3F7A-1538-46E1-8E2D-D27016F75310}"
EndProject
Project("{9A19103F-16F7-4668-BE54-9A1E7A4F7556}") = "FurryFriendsHub-BlazorAssembly.Client", "..\FurryFriendsHub-BlazorAssembly.Client\FurryFriendsHub-BlazorAssembly.Client.csproj", "{79F0B905-0A90-40E1-91AA-16AC132A4D0A}"
EndProject
Project("{9A19103F-16F7-4668-BE54-9A1E7A4F7556}") = "FurryFriendsHub-BlazorAssembly.Shared", "..\FurryFriendsHub-BlazorAssembly.Shared\FurryFriendsHub-BlazorAssembly.Shared.csproj", "{2CCE7060-0293-417A-A24C-5CE6631F5775}"
EndProject
Global
	GlobalSection(SolutionConfigurationPlatforms) = preSolution
		Debug|Any CPU = Debug|Any CPU
		Release|Any CPU = Release|Any CPU
	EndGlobalSection
	GlobalSection(ProjectConfigurationPlatforms) = postSolution
		{3A8F3F7A-1538-46E1-8E2D-D27016F75310}.Debug|Any CPU.ActiveCfg = Debug|Any CPU
		{3A8F3F7A-1538-46E1-8E2D-D27016F75310}.Debug|Any CPU.Build.0 = Debug|Any CPU
		{3A8F3F7A-1538-46E1-8E2D-D27016F75310}.Release|Any CPU.ActiveCfg = Release|Any CPU
		{3A8F3F7A-1538-46E1-8E2D-D27016F75310}.Release|Any CPU.Build.0 = Release|Any CPU
		{79F0B905-0A90-40E1-91AA-16AC132A4D0A}.Debug|Any CPU.ActiveCfg = Debug|Any CPU
		{79F0B905-0A90-40E1-91AA-16AC132A4D0A}.Debug|Any CPU.Build.0 = Debug|Any CPU
		{79F0B905-0A90-40E1-91AA-16AC132A4D0A}.Release|Any CPU.ActiveCfg = Release|Any CPU
		{79F0B905-0A90-40E1-91AA-16AC132A4D0A}.Release|Any CPU.Build.0 = Release|Any CPU
		{2CCE7060-0293-417A-A24C-5CE6631F5775}.Debug|Any CPU.ActiveCfg = Debug|Any CPU
		{2CCE7060-0293-417A-A24C-5CE6631F5775}.Debug|Any CPU.Build.0 = Debug|Any CPU
		{2CCE7060-0293-417A-A24C-5CE6631F5775}.Release|Any CPU.ActiveCfg = Release|Any CPU
		{2CCE7060-0293-417A-A24C-5CE6631F5775}.Release|Any CPU.Build.0 = Release|Any CPU
	EndGlobalSection
	GlobalSection(SolutionProperties) = preSolution
		HideSolutionNode = FALSE
	EndGlobalSection
	GlobalSection(ExtensibilityGlobals) = postSolution
		SolutionGuid = {AE1934C5-53FE-4ECA-9932-5BABBE7CFFBB}
	EndGlobalSection
EndGlobal
