
Microsoft Visual Studio Solution File, Format Version 12.00
# Visual Studio Version 17
VisualStudioVersion = 17.11.35327.3
MinimumVisualStudioVersion = 10.0.40219.1
Project("{FAE04EC0-301F-11D3-BF4B-00C04F79EFBC}") = "AppWebFurryFriendsHub", "AppWebFurryFriendsHub.csproj", "{68BB8C55-1A56-4ACE-8121-DD9F7E95D38C}"
EndProject
Project("{FAE04EC0-301F-11D3-BF4B-00C04F79EFBC}") = "AppWebFurryFriendsHub.Shared", "..\AppWebFurryFriendsHub.Shared\AppWebFurryFriendsHub.Shared.csproj", "{BC91B291-3638-447F-B28C-ACC6C85FA6CE}"
EndProject
Project("{FAE04EC0-301F-11D3-BF4B-00C04F79EFBC}") = "AppWebFurryFriendsHub.Client", "..\AppWebFurryFriendsHub.Client\AppWebFurryFriendsHub.Client.csproj", "{6B06A762-4CDE-40F3-AF99-6E523A7558D1}"
EndProject
Global
	GlobalSection(SolutionConfigurationPlatforms) = preSolution
		Debug|Any CPU = Debug|Any CPU
		Release|Any CPU = Release|Any CPU
	EndGlobalSection
	GlobalSection(ProjectConfigurationPlatforms) = postSolution
		{68BB8C55-1A56-4ACE-8121-DD9F7E95D38C}.Debug|Any CPU.ActiveCfg = Debug|Any CPU
		{68BB8C55-1A56-4ACE-8121-DD9F7E95D38C}.Debug|Any CPU.Build.0 = Debug|Any CPU
		{68BB8C55-1A56-4ACE-8121-DD9F7E95D38C}.Release|Any CPU.ActiveCfg = Release|Any CPU
		{68BB8C55-1A56-4ACE-8121-DD9F7E95D38C}.Release|Any CPU.Build.0 = Release|Any CPU
		{BC91B291-3638-447F-B28C-ACC6C85FA6CE}.Debug|Any CPU.ActiveCfg = Debug|Any CPU
		{BC91B291-3638-447F-B28C-ACC6C85FA6CE}.Debug|Any CPU.Build.0 = Debug|Any CPU
		{BC91B291-3638-447F-B28C-ACC6C85FA6CE}.Release|Any CPU.ActiveCfg = Release|Any CPU
		{BC91B291-3638-447F-B28C-ACC6C85FA6CE}.Release|Any CPU.Build.0 = Release|Any CPU
		{6B06A762-4CDE-40F3-AF99-6E523A7558D1}.Debug|Any CPU.ActiveCfg = Debug|Any CPU
		{6B06A762-4CDE-40F3-AF99-6E523A7558D1}.Debug|Any CPU.Build.0 = Debug|Any CPU
		{6B06A762-4CDE-40F3-AF99-6E523A7558D1}.Release|Any CPU.ActiveCfg = Release|Any CPU
		{6B06A762-4CDE-40F3-AF99-6E523A7558D1}.Release|Any CPU.Build.0 = Release|Any CPU
	EndGlobalSection
	GlobalSection(SolutionProperties) = preSolution
		HideSolutionNode = FALSE
	EndGlobalSection
	GlobalSection(ExtensibilityGlobals) = postSolution
		SolutionGuid = {94D3B1BB-91C3-4377-B991-2D4F086CD136}
	EndGlobalSection
EndGlobal
